
Microsoft Visual Studio Solution File, Format Version 12.00
# Visual Studio Version 17
VisualStudioVersion = 17.1.32421.90
MinimumVisualStudioVersion = 10.0.40219.1
Project("{FAE04EC0-301F-11D3-BF4B-00C04F79EFBC}") = "LogisticaAPI", "LogisticaAPI\LogisticaAPI.csproj", "{15C84A0C-D177-456D-940D-898E977DC730}"
EndProject
Global
	GlobalSection(SolutionConfigurationPlatforms) = preSolution
		Debug|Any CPU = Debug|Any CPU
		Release|Any CPU = Release|Any CPU
	EndGlobalSection
	GlobalSection(ProjectConfigurationPlatforms) = postSolution
		{15C84A0C-D177-456D-940D-898E977DC730}.Debug|Any CPU.ActiveCfg = Debug|Any CPU
		{15C84A0C-D177-456D-940D-898E977DC730}.Debug|Any CPU.Build.0 = Debug|Any CPU
		{15C84A0C-D177-456D-940D-898E977DC730}.Release|Any CPU.ActiveCfg = Release|Any CPU
		{15C84A0C-D177-456D-940D-898E977DC730}.Release|Any CPU.Build.0 = Release|Any CPU
	EndGlobalSection
	GlobalSection(SolutionProperties) = preSolution
		HideSolutionNode = FALSE
	EndGlobalSection
	GlobalSection(ExtensibilityGlobals) = postSolution
		SolutionGuid = {6B011FA4-CC80-41DC-A9EB-4B14F1CF3AA9}
	EndGlobalSection
EndGlobal
